
Microsoft Visual Studio Solution File, Format Version 12.00
# Visual Studio Version 16
VisualStudioVersion = 16.0.30413.136
MinimumVisualStudioVersion = 10.0.40219.1
Project("{FAE04EC0-301F-11D3-BF4B-00C04F79EFBC}") = "Actividad1SDSOP", "Actividad1SDSOP.csproj", "{F20F410C-BF51-4767-9F3B-AC28ABAE26C5}"
EndProject
Global
	GlobalSection(SolutionConfigurationPlatforms) = preSolution
		Debug|Any CPU = Debug|Any CPU
		Release|Any CPU = Release|Any CPU
	EndGlobalSection
	GlobalSection(ProjectConfigurationPlatforms) = postSolution
		{F20F410C-BF51-4767-9F3B-AC28ABAE26C5}.Debug|Any CPU.ActiveCfg = Debug|Any CPU
		{F20F410C-BF51-4767-9F3B-AC28ABAE26C5}.Debug|Any CPU.Build.0 = Debug|Any CPU
		{F20F410C-BF51-4767-9F3B-AC28ABAE26C5}.Release|Any CPU.ActiveCfg = Release|Any CPU
		{F20F410C-BF51-4767-9F3B-AC28ABAE26C5}.Release|Any CPU.Build.0 = Release|Any CPU
	EndGlobalSection
	GlobalSection(SolutionProperties) = preSolution
		HideSolutionNode = FALSE
	EndGlobalSection
	GlobalSection(ExtensibilityGlobals) = postSolution
		SolutionGuid = {A82F7581-C9D6-42C4-8397-8E3F9933582B}
	EndGlobalSection
EndGlobal
